
Microsoft Visual Studio Solution File, Format Version 12.00
# Visual Studio Version 16
VisualStudioVersion = 16.0.29230.47
MinimumVisualStudioVersion = 10.0.40219.1
Project("{FAE04EC0-301F-11D3-BF4B-00C04F79EFBC}") = "ErcotAlert", "ErcotAlert\ErcotAlert.csproj", "{D89107C3-52BF-4AE5-B2E9-1D79B3651D99}"
EndProject
Global
	GlobalSection(SolutionConfigurationPlatforms) = preSolution
		Debug|Any CPU = Debug|Any CPU
		Release|Any CPU = Release|Any CPU
	EndGlobalSection
	GlobalSection(ProjectConfigurationPlatforms) = postSolution
		{D89107C3-52BF-4AE5-B2E9-1D79B3651D99}.Debug|Any CPU.ActiveCfg = Debug|Any CPU
		{D89107C3-52BF-4AE5-B2E9-1D79B3651D99}.Debug|Any CPU.Build.0 = Debug|Any CPU
		{D89107C3-52BF-4AE5-B2E9-1D79B3651D99}.Release|Any CPU.ActiveCfg = Release|Any CPU
		{D89107C3-52BF-4AE5-B2E9-1D79B3651D99}.Release|Any CPU.Build.0 = Release|Any CPU
	EndGlobalSection
	GlobalSection(SolutionProperties) = preSolution
		HideSolutionNode = FALSE
	EndGlobalSection
	GlobalSection(ExtensibilityGlobals) = postSolution
		SolutionGuid = {DD29C8EE-1699-48A7-B8D1-AAD89A13395C}
	EndGlobalSection
EndGlobal
